// !$*UTF8*$!
{
	archiveVersion = 1;
	classes = {
	};
	objectVersion = 56;
	objects = {

/* Begin PBXBuildFile section */
		2A097F2229F785AF00ED9644 /* NiksApp.swift in Sources */ = {isa = PBXBuildFile; fileRef = 2A097F2129F785AF00ED9644 /* NiksApp.swift */; };
		2A097F2429F785AF00ED9644 /* ContentView.swift in Sources */ = {isa = PBXBuildFile; fileRef = 2A097F2329F785AF00ED9644 /* ContentView.swift */; };
		2A097F2629F785B000ED9644 /* Assets.xcassets in Resources */ = {isa = PBXBuildFile; fileRef = 2A097F2529F785B000ED9644 /* Assets.xcassets */; };
		2A097F2929F785B000ED9644 /* Preview Assets.xcassets in Resources */ = {isa = PBXBuildFile; fileRef = 2A097F2829F785B000ED9644 /* Preview Assets.xcassets */; };
		2A0BABD129FFFE450040650C /* BubbleDialogueComponent.swift in Sources */ = {isa = PBXBuildFile; fileRef = 2A0BABD029FFFE450040650C /* BubbleDialogueComponent.swift */; };
		2A0BABD32A000BE40040650C /* GetReadyView.swift in Sources */ = {isa = PBXBuildFile; fileRef = 2A0BABD22A000BE40040650C /* GetReadyView.swift */; };
		2A0BABD52A000DC40040650C /* TutorialView.swift in Sources */ = {isa = PBXBuildFile; fileRef = 2A0BABD42A000DC40040650C /* TutorialView.swift */; };
		2A0BABD92A007EDD0040650C /* ImageStyle.swift in Sources */ = {isa = PBXBuildFile; fileRef = 2A0BABD82A007EDD0040650C /* ImageStyle.swift */; };
		2A0BABDB2A00823B0040650C /* EffectStyle.swift in Sources */ = {isa = PBXBuildFile; fileRef = 2A0BABDA2A00823B0040650C /* EffectStyle.swift */; };
		2A1934A829FFD5E000D6C5F5 /* FontStyle.swift in Sources */ = {isa = PBXBuildFile; fileRef = 2A1934A729FFD5E000D6C5F5 /* FontStyle.swift */; };
		2A1934AE29FFDC5500D6C5F5 /* ButtonStyle.swift in Sources */ = {isa = PBXBuildFile; fileRef = 2A1934AD29FFDC5500D6C5F5 /* ButtonStyle.swift */; };
		2A1934B029FFEC4A00D6C5F5 /* IconStyle.swift in Sources */ = {isa = PBXBuildFile; fileRef = 2A1934AF29FFEC4A00D6C5F5 /* IconStyle.swift */; };
		2A1934B229FFF18400D6C5F5 /* LoadingComponent.swift in Sources */ = {isa = PBXBuildFile; fileRef = 2A1934B129FFF18400D6C5F5 /* LoadingComponent.swift */; };
		2A1934B829FFF88B00D6C5F5 /* LoadingView.swift in Sources */ = {isa = PBXBuildFile; fileRef = 2A1934B729FFF88B00D6C5F5 /* LoadingView.swift */; };
		2A3D173A2A045C1B001EC0C0 /* BackButtonStyle.swift in Sources */ = {isa = PBXBuildFile; fileRef = 2A3D17392A045C1B001EC0C0 /* BackButtonStyle.swift */; };
		2A3D17402A0462D8001EC0C0 /* SleepView.swift in Sources */ = {isa = PBXBuildFile; fileRef = 2A3D173F2A0462D8001EC0C0 /* SleepView.swift */; };
		2A3D17462A046D9B001EC0C0 /* SplashScreenView.swift in Sources */ = {isa = PBXBuildFile; fileRef = 2A3D17452A046D9B001EC0C0 /* SplashScreenView.swift */; };
		2A3D17472A046D9B001EC0C0 /* SplashScreenView.swift in Sources */ = {isa = PBXBuildFile; fileRef = 2A3D17452A046D9B001EC0C0 /* SplashScreenView.swift */; };
		2AAF4E2629F94F5600266573 /* BackgroundExampleView.swift in Sources */ = {isa = PBXBuildFile; fileRef = 2AAF4E2529F94F5600266573 /* BackgroundExampleView.swift */; };
		2ADF327E2A03499000F39075 /* BubblePopupComponent.swift in Sources */ = {isa = PBXBuildFile; fileRef = 2ADF327D2A03499000F39075 /* BubblePopupComponent.swift */; };
		2ADF32822A034C7100F39075 /* Shapes.swift in Sources */ = {isa = PBXBuildFile; fileRef = 2ADF32812A034C7100F39075 /* Shapes.swift */; };
		2ADF32852A035AD300F39075 /* HomePageView.swift in Sources */ = {isa = PBXBuildFile; fileRef = 2ADF32842A035AD300F39075 /* HomePageView.swift */; };
		2AE2B4522A06163A00496394 /* TotallySleepView.swift in Sources */ = {isa = PBXBuildFile; fileRef = 2AE2B4512A06163A00496394 /* TotallySleepView.swift */; };
		2AE502B229F945F9000D7C06 /* ExampleView.swift in Sources */ = {isa = PBXBuildFile; fileRef = 2AE502B129F945F9000D7C06 /* ExampleView.swift */; };
		761AD2652A013C51004D9415 /* StrechPreview.swift in Sources */ = {isa = PBXBuildFile; fileRef = 761AD2642A013C51004D9415 /* StrechPreview.swift */; };
		761AD2672A013C5E004D9415 /* ProgressBarComponent.swift in Sources */ = {isa = PBXBuildFile; fileRef = 761AD2662A013C5E004D9415 /* ProgressBarComponent.swift */; };
		761AD2692A013C79004D9415 /* DetailView.swift in Sources */ = {isa = PBXBuildFile; fileRef = 761AD2682A013C79004D9415 /* DetailView.swift */; };
		761AD26B2A017975004D9415 /* AnimationModel.swift in Sources */ = {isa = PBXBuildFile; fileRef = 761AD26A2A017975004D9415 /* AnimationModel.swift */; };
		761AD26D2A017B32004D9415 /* animationView.swift in Sources */ = {isa = PBXBuildFile; fileRef = 761AD26C2A017B32004D9415 /* animationView.swift */; };
		7676A3AB2A03EED300254520 /* ConnectivityManager.swift in Sources */ = {isa = PBXBuildFile; fileRef = 7676A3AA2A03EED300254520 /* ConnectivityManager.swift */; };
		7676A3B32A03F3F000254520 /* NiksWatchApp.swift in Sources */ = {isa = PBXBuildFile; fileRef = 7676A3B22A03F3F000254520 /* NiksWatchApp.swift */; };
		7676A3B52A03F3F000254520 /* ContentView.swift in Sources */ = {isa = PBXBuildFile; fileRef = 7676A3B42A03F3F000254520 /* ContentView.swift */; };
		7676A3B72A03F3F100254520 /* Assets.xcassets in Resources */ = {isa = PBXBuildFile; fileRef = 7676A3B62A03F3F100254520 /* Assets.xcassets */; };
		7676A3BA2A03F3F100254520 /* Preview Assets.xcassets in Resources */ = {isa = PBXBuildFile; fileRef = 7676A3B92A03F3F100254520 /* Preview Assets.xcassets */; };
		7676A3BD2A03F3F100254520 /* NiksWatch Watch App.app in Embed Watch Content */ = {isa = PBXBuildFile; fileRef = 7676A3B02A03F3F000254520 /* NiksWatch Watch App.app */; settings = {ATTRIBUTES = (RemoveHeadersOnCopy, ); }; };
		7676A3C32A03F77500254520 /* ConnectivityManager.swift in Sources */ = {isa = PBXBuildFile; fileRef = 7676A3AA2A03EED300254520 /* ConnectivityManager.swift */; };
		DD334B512A00ADF2001A935A /* MusicModel.swift in Sources */ = {isa = PBXBuildFile; fileRef = DD334B502A00ADF2001A935A /* MusicModel.swift */; };
		DD334B552A00B159001A935A /* Constant.swift in Sources */ = {isa = PBXBuildFile; fileRef = DD334B542A00B159001A935A /* Constant.swift */; };
		DD334B5C2A00C91E001A935A /* Dialogues.swift in Sources */ = {isa = PBXBuildFile; fileRef = DD334B5B2A00C91E001A935A /* Dialogues.swift */; };
		DD334B5E2A00D1A9001A935A /* StretchingView.swift in Sources */ = {isa = PBXBuildFile; fileRef = DD334B5D2A00D1A9001A935A /* StretchingView.swift */; };
		DD69A6D42A03FA7D00E573A0 /* Rain.mp3 in Resources */ = {isa = PBXBuildFile; fileRef = DD9C17B12A0382A80062E051 /* Rain.mp3 */; };
		DD69A6D52A03FA8000E573A0 /* Night.mp3 in Resources */ = {isa = PBXBuildFile; fileRef = DD9C17B22A0382A80062E051 /* Night.mp3 */; };
		DD69A6D62A03FA8200E573A0 /* Beach.mp3 in Resources */ = {isa = PBXBuildFile; fileRef = DD9C17B32A0382A80062E051 /* Beach.mp3 */; };
		DD69A6D72A03FA8400E573A0 /* Nature.mp3 in Resources */ = {isa = PBXBuildFile; fileRef = DD9C17B42A0382A80062E051 /* Nature.mp3 */; };
		DD69A6D82A03FA8700E573A0 /* Jazz.mp3 in Resources */ = {isa = PBXBuildFile; fileRef = DD9C17B52A0382A80062E051 /* Jazz.mp3 */; };
		DD69A6D92A03FA8900E573A0 /* River.mp3 in Resources */ = {isa = PBXBuildFile; fileRef = DD9C17B62A0382A80062E051 /* River.mp3 */; };
		DD93645729FA3370009BAFEE /* TimerComponent.swift in Sources */ = {isa = PBXBuildFile; fileRef = DD93645629FA3370009BAFEE /* TimerComponent.swift */; };
		DD93645929FA345F009BAFEE /* SidebarComponent.swift in Sources */ = {isa = PBXBuildFile; fileRef = DD93645829FA345F009BAFEE /* SidebarComponent.swift */; };
		DD96F93229FA19DB0053790D /* ButtonComponent.swift in Sources */ = {isa = PBXBuildFile; fileRef = DD96F93129FA19DB0053790D /* ButtonComponent.swift */; };
		DD9C17DE2A03941A0062E051 /* AudioPlayerModel.swift in Sources */ = {isa = PBXBuildFile; fileRef = DD9C17DD2A03941A0062E051 /* AudioPlayerModel.swift */; };
		DDAD8C632A05DB6E000CDD42 /* AnimatorViewModel.swift in Sources */ = {isa = PBXBuildFile; fileRef = DDAD8C622A05DB6E000CDD42 /* AnimatorViewModel.swift */; };
/* End PBXBuildFile section */

/* Begin PBXContainerItemProxy section */
		7676A3BB2A03F3F100254520 /* PBXContainerItemProxy */ = {
			isa = PBXContainerItemProxy;
			containerPortal = 2A097F1629F785AF00ED9644 /* Project object */;
			proxyType = 1;
			remoteGlobalIDString = 7676A3AF2A03F3F000254520;
			remoteInfo = "NiksWatch Watch App";
		};
/* End PBXContainerItemProxy section */

/* Begin PBXCopyFilesBuildPhase section */
		7676A3C12A03F3F100254520 /* Embed Watch Content */ = {
			isa = PBXCopyFilesBuildPhase;
			buildActionMask = 2147483647;
			dstPath = "$(CONTENTS_FOLDER_PATH)/Watch";
			dstSubfolderSpec = 16;
			files = (
				7676A3BD2A03F3F100254520 /* NiksWatch Watch App.app in Embed Watch Content */,
			);
			name = "Embed Watch Content";
			runOnlyForDeploymentPostprocessing = 0;
		};
/* End PBXCopyFilesBuildPhase section */

/* Begin PBXFileReference section */
		2A097F1E29F785AF00ED9644 /* Niks.app */ = {isa = PBXFileReference; explicitFileType = wrapper.application; includeInIndex = 0; path = Niks.app; sourceTree = BUILT_PRODUCTS_DIR; };
		2A097F2129F785AF00ED9644 /* NiksApp.swift */ = {isa = PBXFileReference; lastKnownFileType = sourcecode.swift; path = NiksApp.swift; sourceTree = "<group>"; };
		2A097F2329F785AF00ED9644 /* ContentView.swift */ = {isa = PBXFileReference; lastKnownFileType = sourcecode.swift; path = ContentView.swift; sourceTree = "<group>"; };
		2A097F2529F785B000ED9644 /* Assets.xcassets */ = {isa = PBXFileReference; lastKnownFileType = folder.assetcatalog; path = Assets.xcassets; sourceTree = "<group>"; };
		2A097F2829F785B000ED9644 /* Preview Assets.xcassets */ = {isa = PBXFileReference; lastKnownFileType = folder.assetcatalog; path = "Preview Assets.xcassets"; sourceTree = "<group>"; };
		2A0BABD029FFFE450040650C /* BubbleDialogueComponent.swift */ = {isa = PBXFileReference; lastKnownFileType = sourcecode.swift; path = BubbleDialogueComponent.swift; sourceTree = "<group>"; };
		2A0BABD22A000BE40040650C /* GetReadyView.swift */ = {isa = PBXFileReference; lastKnownFileType = sourcecode.swift; path = GetReadyView.swift; sourceTree = "<group>"; };
		2A0BABD42A000DC40040650C /* TutorialView.swift */ = {isa = PBXFileReference; lastKnownFileType = sourcecode.swift; path = TutorialView.swift; sourceTree = "<group>"; };
		2A0BABD82A007EDD0040650C /* ImageStyle.swift */ = {isa = PBXFileReference; lastKnownFileType = sourcecode.swift; path = ImageStyle.swift; sourceTree = "<group>"; };
		2A0BABDA2A00823B0040650C /* EffectStyle.swift */ = {isa = PBXFileReference; lastKnownFileType = sourcecode.swift; path = EffectStyle.swift; sourceTree = "<group>"; };
		2A1934A729FFD5E000D6C5F5 /* FontStyle.swift */ = {isa = PBXFileReference; lastKnownFileType = sourcecode.swift; path = FontStyle.swift; sourceTree = "<group>"; };
		2A1934AD29FFDC5500D6C5F5 /* ButtonStyle.swift */ = {isa = PBXFileReference; lastKnownFileType = sourcecode.swift; path = ButtonStyle.swift; sourceTree = "<group>"; };
		2A1934AF29FFEC4A00D6C5F5 /* IconStyle.swift */ = {isa = PBXFileReference; lastKnownFileType = sourcecode.swift; path = IconStyle.swift; sourceTree = "<group>"; };
		2A1934B129FFF18400D6C5F5 /* LoadingComponent.swift */ = {isa = PBXFileReference; lastKnownFileType = sourcecode.swift; path = LoadingComponent.swift; sourceTree = "<group>"; };
		2A1934B729FFF88B00D6C5F5 /* LoadingView.swift */ = {isa = PBXFileReference; lastKnownFileType = sourcecode.swift; path = LoadingView.swift; sourceTree = "<group>"; };
		2A3D17392A045C1B001EC0C0 /* BackButtonStyle.swift */ = {isa = PBXFileReference; lastKnownFileType = sourcecode.swift; path = BackButtonStyle.swift; sourceTree = "<group>"; };
		2A3D173F2A0462D8001EC0C0 /* SleepView.swift */ = {isa = PBXFileReference; lastKnownFileType = sourcecode.swift; path = SleepView.swift; sourceTree = "<group>"; };
		2A3D17452A046D9B001EC0C0 /* SplashScreenView.swift */ = {isa = PBXFileReference; lastKnownFileType = sourcecode.swift; path = SplashScreenView.swift; sourceTree = "<group>"; };
		2AAF4E2529F94F5600266573 /* BackgroundExampleView.swift */ = {isa = PBXFileReference; lastKnownFileType = sourcecode.swift; path = BackgroundExampleView.swift; sourceTree = "<group>"; };
		2ADF327D2A03499000F39075 /* BubblePopupComponent.swift */ = {isa = PBXFileReference; lastKnownFileType = sourcecode.swift; path = BubblePopupComponent.swift; sourceTree = "<group>"; };
		2ADF32812A034C7100F39075 /* Shapes.swift */ = {isa = PBXFileReference; lastKnownFileType = sourcecode.swift; path = Shapes.swift; sourceTree = "<group>"; };
		2ADF32842A035AD300F39075 /* HomePageView.swift */ = {isa = PBXFileReference; lastKnownFileType = sourcecode.swift; path = HomePageView.swift; sourceTree = "<group>"; };
		2AE2B4512A06163A00496394 /* TotallySleepView.swift */ = {isa = PBXFileReference; lastKnownFileType = sourcecode.swift; path = TotallySleepView.swift; sourceTree = "<group>"; };
		2AE502B129F945F9000D7C06 /* ExampleView.swift */ = {isa = PBXFileReference; lastKnownFileType = sourcecode.swift; path = ExampleView.swift; sourceTree = "<group>"; };
		761AD2642A013C51004D9415 /* StrechPreview.swift */ = {isa = PBXFileReference; fileEncoding = 4; lastKnownFileType = sourcecode.swift; name = StrechPreview.swift; path = Niks/StrechPreview.swift; sourceTree = SOURCE_ROOT; };
		761AD2662A013C5E004D9415 /* ProgressBarComponent.swift */ = {isa = PBXFileReference; fileEncoding = 4; lastKnownFileType = sourcecode.swift; name = ProgressBarComponent.swift; path = Niks/ProgressBarComponent.swift; sourceTree = SOURCE_ROOT; };
		761AD2682A013C79004D9415 /* DetailView.swift */ = {isa = PBXFileReference; lastKnownFileType = sourcecode.swift; path = DetailView.swift; sourceTree = "<group>"; };
		761AD26A2A017975004D9415 /* AnimationModel.swift */ = {isa = PBXFileReference; lastKnownFileType = sourcecode.swift; path = AnimationModel.swift; sourceTree = "<group>"; };
		761AD26C2A017B32004D9415 /* animationView.swift */ = {isa = PBXFileReference; lastKnownFileType = sourcecode.swift; path = animationView.swift; sourceTree = "<group>"; };
		7676A3AA2A03EED300254520 /* ConnectivityManager.swift */ = {isa = PBXFileReference; lastKnownFileType = sourcecode.swift; path = ConnectivityManager.swift; sourceTree = "<group>"; };
		7676A3B02A03F3F000254520 /* NiksWatch Watch App.app */ = {isa = PBXFileReference; explicitFileType = wrapper.application; includeInIndex = 0; path = "NiksWatch Watch App.app"; sourceTree = BUILT_PRODUCTS_DIR; };
		7676A3B22A03F3F000254520 /* NiksWatchApp.swift */ = {isa = PBXFileReference; lastKnownFileType = sourcecode.swift; path = NiksWatchApp.swift; sourceTree = "<group>"; };
		7676A3B42A03F3F000254520 /* ContentView.swift */ = {isa = PBXFileReference; lastKnownFileType = sourcecode.swift; path = ContentView.swift; sourceTree = "<group>"; };
		7676A3B62A03F3F100254520 /* Assets.xcassets */ = {isa = PBXFileReference; lastKnownFileType = folder.assetcatalog; path = Assets.xcassets; sourceTree = "<group>"; };
		7676A3B92A03F3F100254520 /* Preview Assets.xcassets */ = {isa = PBXFileReference; lastKnownFileType = folder.assetcatalog; path = "Preview Assets.xcassets"; sourceTree = "<group>"; };
		DD334B502A00ADF2001A935A /* MusicModel.swift */ = {isa = PBXFileReference; lastKnownFileType = sourcecode.swift; path = MusicModel.swift; sourceTree = "<group>"; };
		DD334B542A00B159001A935A /* Constant.swift */ = {isa = PBXFileReference; lastKnownFileType = sourcecode.swift; path = Constant.swift; sourceTree = "<group>"; };
		DD334B5B2A00C91E001A935A /* Dialogues.swift */ = {isa = PBXFileReference; lastKnownFileType = sourcecode.swift; path = Dialogues.swift; sourceTree = "<group>"; };
		DD334B5D2A00D1A9001A935A /* StretchingView.swift */ = {isa = PBXFileReference; lastKnownFileType = sourcecode.swift; path = StretchingView.swift; sourceTree = "<group>"; };
		DD93645629FA3370009BAFEE /* TimerComponent.swift */ = {isa = PBXFileReference; lastKnownFileType = sourcecode.swift; path = TimerComponent.swift; sourceTree = "<group>"; };
		DD93645829FA345F009BAFEE /* SidebarComponent.swift */ = {isa = PBXFileReference; lastKnownFileType = sourcecode.swift; path = SidebarComponent.swift; sourceTree = "<group>"; };
		DD96F93129FA19DB0053790D /* ButtonComponent.swift */ = {isa = PBXFileReference; lastKnownFileType = sourcecode.swift; path = ButtonComponent.swift; sourceTree = "<group>"; };
		DD9C17B12A0382A80062E051 /* Rain.mp3 */ = {isa = PBXFileReference; lastKnownFileType = audio.mp3; path = Rain.mp3; sourceTree = "<group>"; };
		DD9C17B22A0382A80062E051 /* Night.mp3 */ = {isa = PBXFileReference; lastKnownFileType = audio.mp3; path = Night.mp3; sourceTree = "<group>"; };
		DD9C17B32A0382A80062E051 /* Beach.mp3 */ = {isa = PBXFileReference; lastKnownFileType = audio.mp3; path = Beach.mp3; sourceTree = "<group>"; };
		DD9C17B42A0382A80062E051 /* Nature.mp3 */ = {isa = PBXFileReference; lastKnownFileType = audio.mp3; path = Nature.mp3; sourceTree = "<group>"; };
		DD9C17B52A0382A80062E051 /* Jazz.mp3 */ = {isa = PBXFileReference; lastKnownFileType = audio.mp3; path = Jazz.mp3; sourceTree = "<group>"; };
		DD9C17B62A0382A80062E051 /* River.mp3 */ = {isa = PBXFileReference; lastKnownFileType = audio.mp3; path = River.mp3; sourceTree = "<group>"; };
		DD9C17DD2A03941A0062E051 /* AudioPlayerModel.swift */ = {isa = PBXFileReference; lastKnownFileType = sourcecode.swift; path = AudioPlayerModel.swift; sourceTree = "<group>"; };
		DDAD8C622A05DB6E000CDD42 /* AnimatorViewModel.swift */ = {isa = PBXFileReference; lastKnownFileType = sourcecode.swift; path = AnimatorViewModel.swift; sourceTree = "<group>"; };
/* End PBXFileReference section */

/* Begin PBXFrameworksBuildPhase section */
		2A097F1B29F785AF00ED9644 /* Frameworks */ = {
			isa = PBXFrameworksBuildPhase;
			buildActionMask = 2147483647;
			files = (
			);
			runOnlyForDeploymentPostprocessing = 0;
		};
		7676A3AD2A03F3F000254520 /* Frameworks */ = {
			isa = PBXFrameworksBuildPhase;
			buildActionMask = 2147483647;
			files = (
			);
			runOnlyForDeploymentPostprocessing = 0;
		};
/* End PBXFrameworksBuildPhase section */

/* Begin PBXGroup section */
		2A097F1529F785AF00ED9644 = {
			isa = PBXGroup;
			children = (
				2A097F2029F785AF00ED9644 /* Niks */,
				DD9C17B02A0382A80062E051 /* Audio */,
				7676A3C22A03F40B00254520 /* Shared */,
				7676A3B12A03F3F000254520 /* NiksWatch Watch App */,
				2A097F1F29F785AF00ED9644 /* Products */,
			);
			sourceTree = "<group>";
		};
		2A097F1F29F785AF00ED9644 /* Products */ = {
			isa = PBXGroup;
			children = (
				2A097F1E29F785AF00ED9644 /* Niks.app */,
				7676A3B02A03F3F000254520 /* NiksWatch Watch App.app */,
			);
			name = Products;
			sourceTree = "<group>";
		};
		2A097F2029F785AF00ED9644 /* Niks */ = {
			isa = PBXGroup;
			children = (
				2A097F2129F785AF00ED9644 /* NiksApp.swift */,
				2A097F2329F785AF00ED9644 /* ContentView.swift */,
				2A1934A629FFD5CB00D6C5F5 /* Core */,
				DD334B532A00B135001A935A /* Constant */,
				2A097F3129F7885C00ED9644 /* Component */,
				2A097F3029F7885400ED9644 /* Model */,
				2A097F2F29F7884C00ED9644 /* View */,
				2AAF4E2529F94F5600266573 /* BackgroundExampleView.swift */,
				2AE502B129F945F9000D7C06 /* ExampleView.swift */,
				2A097F2529F785B000ED9644 /* Assets.xcassets */,
				2A097F2729F785B000ED9644 /* Preview Content */,
			);
			path = Niks;
			sourceTree = "<group>";
		};
		2A097F2729F785B000ED9644 /* Preview Content */ = {
			isa = PBXGroup;
			children = (
				2A097F2829F785B000ED9644 /* Preview Assets.xcassets */,
			);
			path = "Preview Content";
			sourceTree = "<group>";
		};
		2A097F2F29F7884C00ED9644 /* View */ = {
			isa = PBXGroup;
			children = (
				761AD2642A013C51004D9415 /* StrechPreview.swift */,
				2A1934B729FFF88B00D6C5F5 /* LoadingView.swift */,
				2A0BABD22A000BE40040650C /* GetReadyView.swift */,
				2A0BABD42A000DC40040650C /* TutorialView.swift */,
				DD334B5D2A00D1A9001A935A /* StretchingView.swift */,
				761AD2682A013C79004D9415 /* DetailView.swift */,
				761AD26C2A017B32004D9415 /* animationView.swift */,
				2ADF32842A035AD300F39075 /* HomePageView.swift */,
				2A3D173F2A0462D8001EC0C0 /* SleepView.swift */,
				2A3D17452A046D9B001EC0C0 /* SplashScreenView.swift */,
				2AE2B4512A06163A00496394 /* TotallySleepView.swift */,
			);
			path = View;
			sourceTree = "<group>";
		};
		2A097F3029F7885400ED9644 /* Model */ = {
			isa = PBXGroup;
			children = (
				DD334B502A00ADF2001A935A /* MusicModel.swift */,
				761AD26A2A017975004D9415 /* AnimationModel.swift */,
				DD9C17DD2A03941A0062E051 /* AudioPlayerModel.swift */,
				DDAD8C622A05DB6E000CDD42 /* AnimatorViewModel.swift */,
			);
			path = Model;
			sourceTree = "<group>";
		};
		2A097F3129F7885C00ED9644 /* Component */ = {
			isa = PBXGroup;
			children = (
				761AD2662A013C5E004D9415 /* ProgressBarComponent.swift */,
				DD96F93129FA19DB0053790D /* ButtonComponent.swift */,
				DD93645629FA3370009BAFEE /* TimerComponent.swift */,
				DD93645829FA345F009BAFEE /* SidebarComponent.swift */,
				2A1934B129FFF18400D6C5F5 /* LoadingComponent.swift */,
				2A0BABD029FFFE450040650C /* BubbleDialogueComponent.swift */,
				2ADF327D2A03499000F39075 /* BubblePopupComponent.swift */,
			);
			path = Component;
			sourceTree = "<group>";
		};
		2A1934A629FFD5CB00D6C5F5 /* Core */ = {
			isa = PBXGroup;
			children = (
				2A1934A729FFD5E000D6C5F5 /* FontStyle.swift */,
				2A1934AD29FFDC5500D6C5F5 /* ButtonStyle.swift */,
				2A1934AF29FFEC4A00D6C5F5 /* IconStyle.swift */,
				2A0BABD82A007EDD0040650C /* ImageStyle.swift */,
				2A0BABDA2A00823B0040650C /* EffectStyle.swift */,
				2A3D17392A045C1B001EC0C0 /* BackButtonStyle.swift */,
			);
			path = Core;
			sourceTree = "<group>";
		};
		7676A3B12A03F3F000254520 /* NiksWatch Watch App */ = {
			isa = PBXGroup;
			children = (
				7676A3B22A03F3F000254520 /* NiksWatchApp.swift */,
				7676A3B42A03F3F000254520 /* ContentView.swift */,
				7676A3B62A03F3F100254520 /* Assets.xcassets */,
				7676A3B82A03F3F100254520 /* Preview Content */,
			);
			path = "NiksWatch Watch App";
			sourceTree = "<group>";
		};
		7676A3B82A03F3F100254520 /* Preview Content */ = {
			isa = PBXGroup;
			children = (
				7676A3B92A03F3F100254520 /* Preview Assets.xcassets */,
			);
			path = "Preview Content";
			sourceTree = "<group>";
		};
		7676A3C22A03F40B00254520 /* Shared */ = {
			isa = PBXGroup;
			children = (
				7676A3AA2A03EED300254520 /* ConnectivityManager.swift */,
			);
			path = Shared;
			sourceTree = "<group>";
		};
		DD334B532A00B135001A935A /* Constant */ = {
			isa = PBXGroup;
			children = (
				DD334B542A00B159001A935A /* Constant.swift */,
				DD334B5B2A00C91E001A935A /* Dialogues.swift */,
				2ADF32812A034C7100F39075 /* Shapes.swift */,
			);
			path = Constant;
			sourceTree = "<group>";
		};
		DD9C17B02A0382A80062E051 /* Audio */ = {
			isa = PBXGroup;
			children = (
				DD9C17B12A0382A80062E051 /* Rain.mp3 */,
				DD9C17B22A0382A80062E051 /* Night.mp3 */,
				DD9C17B32A0382A80062E051 /* Beach.mp3 */,
				DD9C17B42A0382A80062E051 /* Nature.mp3 */,
				DD9C17B52A0382A80062E051 /* Jazz.mp3 */,
				DD9C17B62A0382A80062E051 /* River.mp3 */,
			);
			path = Audio;
			sourceTree = "<group>";
		};
/* End PBXGroup section */

/* Begin PBXNativeTarget section */
		2A097F1D29F785AF00ED9644 /* Niks */ = {
			isa = PBXNativeTarget;
			buildConfigurationList = 2A097F2C29F785B000ED9644 /* Build configuration list for PBXNativeTarget "Niks" */;
			buildPhases = (
				2A097F1A29F785AF00ED9644 /* Sources */,
				2A097F1B29F785AF00ED9644 /* Frameworks */,
				2A097F1C29F785AF00ED9644 /* Resources */,
				7676A3C12A03F3F100254520 /* Embed Watch Content */,
			);
			buildRules = (
			);
			dependencies = (
				7676A3BC2A03F3F100254520 /* PBXTargetDependency */,
			);
			name = Niks;
			productName = Niks;
			productReference = 2A097F1E29F785AF00ED9644 /* Niks.app */;
			productType = "com.apple.product-type.application";
		};
		7676A3AF2A03F3F000254520 /* NiksWatch Watch App */ = {
			isa = PBXNativeTarget;
			buildConfigurationList = 7676A3BE2A03F3F100254520 /* Build configuration list for PBXNativeTarget "NiksWatch Watch App" */;
			buildPhases = (
				7676A3AC2A03F3F000254520 /* Sources */,
				7676A3AD2A03F3F000254520 /* Frameworks */,
				7676A3AE2A03F3F000254520 /* Resources */,
			);
			buildRules = (
			);
			dependencies = (
			);
			name = "NiksWatch Watch App";
			productName = "NiksWatch Watch App";
			productReference = 7676A3B02A03F3F000254520 /* NiksWatch Watch App.app */;
			productType = "com.apple.product-type.application";
		};
/* End PBXNativeTarget section */

/* Begin PBXProject section */
		2A097F1629F785AF00ED9644 /* Project object */ = {
			isa = PBXProject;
			attributes = {
				BuildIndependentTargetsInParallel = 1;
				LastSwiftUpdateCheck = 1430;
				LastUpgradeCheck = 1430;
				TargetAttributes = {
					2A097F1D29F785AF00ED9644 = {
						CreatedOnToolsVersion = 14.3;
					};
					7676A3AF2A03F3F000254520 = {
						CreatedOnToolsVersion = 14.3;
					};
				};
			};
			buildConfigurationList = 2A097F1929F785AF00ED9644 /* Build configuration list for PBXProject "Niks" */;
			compatibilityVersion = "Xcode 14.0";
			developmentRegion = en;
			hasScannedForEncodings = 0;
			knownRegions = (
				en,
				Base,
			);
			mainGroup = 2A097F1529F785AF00ED9644;
			productRefGroup = 2A097F1F29F785AF00ED9644 /* Products */;
			projectDirPath = "";
			projectRoot = "";
			targets = (
				2A097F1D29F785AF00ED9644 /* Niks */,
				7676A3AF2A03F3F000254520 /* NiksWatch Watch App */,
			);
		};
/* End PBXProject section */

/* Begin PBXResourcesBuildPhase section */
		2A097F1C29F785AF00ED9644 /* Resources */ = {
			isa = PBXResourcesBuildPhase;
			buildActionMask = 2147483647;
			files = (
				DD69A6D42A03FA7D00E573A0 /* Rain.mp3 in Resources */,
				DD69A6D52A03FA8000E573A0 /* Night.mp3 in Resources */,
				DD69A6D82A03FA8700E573A0 /* Jazz.mp3 in Resources */,
				2A097F2929F785B000ED9644 /* Preview Assets.xcassets in Resources */,
				DD69A6D62A03FA8200E573A0 /* Beach.mp3 in Resources */,
				2A097F2629F785B000ED9644 /* Assets.xcassets in Resources */,
				DD69A6D72A03FA8400E573A0 /* Nature.mp3 in Resources */,
				DD69A6D92A03FA8900E573A0 /* River.mp3 in Resources */,
			);
			runOnlyForDeploymentPostprocessing = 0;
		};
		7676A3AE2A03F3F000254520 /* Resources */ = {
			isa = PBXResourcesBuildPhase;
			buildActionMask = 2147483647;
			files = (
				7676A3BA2A03F3F100254520 /* Preview Assets.xcassets in Resources */,
				7676A3B72A03F3F100254520 /* Assets.xcassets in Resources */,
			);
			runOnlyForDeploymentPostprocessing = 0;
		};
/* End PBXResourcesBuildPhase section */

/* Begin PBXSourcesBuildPhase section */
		2A097F1A29F785AF00ED9644 /* Sources */ = {
			isa = PBXSourcesBuildPhase;
			buildActionMask = 2147483647;
			files = (
				2A097F2429F785AF00ED9644 /* ContentView.swift in Sources */,
				7676A3AB2A03EED300254520 /* ConnectivityManager.swift in Sources */,
				761AD2692A013C79004D9415 /* DetailView.swift in Sources */,
				DD93645729FA3370009BAFEE /* TimerComponent.swift in Sources */,
				2A1934AE29FFDC5500D6C5F5 /* ButtonStyle.swift in Sources */,
				2ADF327E2A03499000F39075 /* BubblePopupComponent.swift in Sources */,
				2AE2B4522A06163A00496394 /* TotallySleepView.swift in Sources */,
				2A1934A829FFD5E000D6C5F5 /* FontStyle.swift in Sources */,
				2A3D17462A046D9B001EC0C0 /* SplashScreenView.swift in Sources */,
				2A1934B029FFEC4A00D6C5F5 /* IconStyle.swift in Sources */,
				2ADF32822A034C7100F39075 /* Shapes.swift in Sources */,
				761AD2672A013C5E004D9415 /* ProgressBarComponent.swift in Sources */,
				DD334B512A00ADF2001A935A /* MusicModel.swift in Sources */,
				2A3D17402A0462D8001EC0C0 /* SleepView.swift in Sources */,
				DD334B5E2A00D1A9001A935A /* StretchingView.swift in Sources */,
				DD334B5C2A00C91E001A935A /* Dialogues.swift in Sources */,
				2A1934B829FFF88B00D6C5F5 /* LoadingView.swift in Sources */,
				2A3D173A2A045C1B001EC0C0 /* BackButtonStyle.swift in Sources */,
				DDAD8C632A05DB6E000CDD42 /* AnimatorViewModel.swift in Sources */,
				2A0BABD129FFFE450040650C /* BubbleDialogueComponent.swift in Sources */,
				DD334B552A00B159001A935A /* Constant.swift in Sources */,
				DD9C17DE2A03941A0062E051 /* AudioPlayerModel.swift in Sources */,
				DD96F93229FA19DB0053790D /* ButtonComponent.swift in Sources */,
				2A0BABD52A000DC40040650C /* TutorialView.swift in Sources */,
				2AAF4E2629F94F5600266573 /* BackgroundExampleView.swift in Sources */,
				2A097F2229F785AF00ED9644 /* NiksApp.swift in Sources */,
				2ADF32852A035AD300F39075 /* HomePageView.swift in Sources */,
				761AD26D2A017B32004D9415 /* animationView.swift in Sources */,
				DD93645929FA345F009BAFEE /* SidebarComponent.swift in Sources */,
				2A1934B229FFF18400D6C5F5 /* LoadingComponent.swift in Sources */,
				2A0BABDB2A00823B0040650C /* EffectStyle.swift in Sources */,
				2AE502B229F945F9000D7C06 /* ExampleView.swift in Sources */,
				2A0BABD32A000BE40040650C /* GetReadyView.swift in Sources */,
				2A0BABD92A007EDD0040650C /* ImageStyle.swift in Sources */,
				761AD2652A013C51004D9415 /* StrechPreview.swift in Sources */,
				761AD26B2A017975004D9415 /* AnimationModel.swift in Sources */,
			);
			runOnlyForDeploymentPostprocessing = 0;
		};
		7676A3AC2A03F3F000254520 /* Sources */ = {
			isa = PBXSourcesBuildPhase;
			buildActionMask = 2147483647;
			files = (
				7676A3C32A03F77500254520 /* ConnectivityManager.swift in Sources */,
				7676A3B52A03F3F000254520 /* ContentView.swift in Sources */,
				7676A3B32A03F3F000254520 /* NiksWatchApp.swift in Sources */,
				2A3D17472A046D9B001EC0C0 /* SplashScreenView.swift in Sources */,
			);
			runOnlyForDeploymentPostprocessing = 0;
		};
/* End PBXSourcesBuildPhase section */

/* Begin PBXTargetDependency section */
		7676A3BC2A03F3F100254520 /* PBXTargetDependency */ = {
			isa = PBXTargetDependency;
			target = 7676A3AF2A03F3F000254520 /* NiksWatch Watch App */;
			targetProxy = 7676A3BB2A03F3F100254520 /* PBXContainerItemProxy */;
		};
/* End PBXTargetDependency section */

/* Begin XCBuildConfiguration section */
		2A097F2A29F785B000ED9644 /* Debug */ = {
			isa = XCBuildConfiguration;
			buildSettings = {
				ALWAYS_SEARCH_USER_PATHS = NO;
				CLANG_ANALYZER_NONNULL = YES;
				CLANG_ANALYZER_NUMBER_OBJECT_CONVERSION = YES_AGGRESSIVE;
				CLANG_CXX_LANGUAGE_STANDARD = "gnu++20";
				CLANG_ENABLE_MODULES = YES;
				CLANG_ENABLE_OBJC_ARC = YES;
				CLANG_ENABLE_OBJC_WEAK = YES;
				CLANG_WARN_BLOCK_CAPTURE_AUTORELEASING = YES;
				CLANG_WARN_BOOL_CONVERSION = YES;
				CLANG_WARN_COMMA = YES;
				CLANG_WARN_CONSTANT_CONVERSION = YES;
				CLANG_WARN_DEPRECATED_OBJC_IMPLEMENTATIONS = YES;
				CLANG_WARN_DIRECT_OBJC_ISA_USAGE = YES_ERROR;
				CLANG_WARN_DOCUMENTATION_COMMENTS = YES;
				CLANG_WARN_EMPTY_BODY = YES;
				CLANG_WARN_ENUM_CONVERSION = YES;
				CLANG_WARN_INFINITE_RECURSION = YES;
				CLANG_WARN_INT_CONVERSION = YES;
				CLANG_WARN_NON_LITERAL_NULL_CONVERSION = YES;
				CLANG_WARN_OBJC_IMPLICIT_RETAIN_SELF = YES;
				CLANG_WARN_OBJC_LITERAL_CONVERSION = YES;
				CLANG_WARN_OBJC_ROOT_CLASS = YES_ERROR;
				CLANG_WARN_QUOTED_INCLUDE_IN_FRAMEWORK_HEADER = YES;
				CLANG_WARN_RANGE_LOOP_ANALYSIS = YES;
				CLANG_WARN_STRICT_PROTOTYPES = YES;
				CLANG_WARN_SUSPICIOUS_MOVE = YES;
				CLANG_WARN_UNGUARDED_AVAILABILITY = YES_AGGRESSIVE;
				CLANG_WARN_UNREACHABLE_CODE = YES;
				CLANG_WARN__DUPLICATE_METHOD_MATCH = YES;
				COPY_PHASE_STRIP = NO;
				DEBUG_INFORMATION_FORMAT = dwarf;
				ENABLE_STRICT_OBJC_MSGSEND = YES;
				ENABLE_TESTABILITY = YES;
				GCC_C_LANGUAGE_STANDARD = gnu11;
				GCC_DYNAMIC_NO_PIC = NO;
				GCC_NO_COMMON_BLOCKS = YES;
				GCC_OPTIMIZATION_LEVEL = 0;
				GCC_PREPROCESSOR_DEFINITIONS = (
					"DEBUG=1",
					"$(inherited)",
				);
				GCC_WARN_64_TO_32_BIT_CONVERSION = YES;
				GCC_WARN_ABOUT_RETURN_TYPE = YES_ERROR;
				GCC_WARN_UNDECLARED_SELECTOR = YES;
				GCC_WARN_UNINITIALIZED_AUTOS = YES_AGGRESSIVE;
				GCC_WARN_UNUSED_FUNCTION = YES;
				GCC_WARN_UNUSED_VARIABLE = YES;
				IPHONEOS_DEPLOYMENT_TARGET = 16.4;
				MTL_ENABLE_DEBUG_INFO = INCLUDE_SOURCE;
				MTL_FAST_MATH = YES;
				ONLY_ACTIVE_ARCH = YES;
				SDKROOT = iphoneos;
				SWIFT_ACTIVE_COMPILATION_CONDITIONS = DEBUG;
				SWIFT_OPTIMIZATION_LEVEL = "-Onone";
			};
			name = Debug;
		};
		2A097F2B29F785B000ED9644 /* Release */ = {
			isa = XCBuildConfiguration;
			buildSettings = {
				ALWAYS_SEARCH_USER_PATHS = NO;
				CLANG_ANALYZER_NONNULL = YES;
				CLANG_ANALYZER_NUMBER_OBJECT_CONVERSION = YES_AGGRESSIVE;
				CLANG_CXX_LANGUAGE_STANDARD = "gnu++20";
				CLANG_ENABLE_MODULES = YES;
				CLANG_ENABLE_OBJC_ARC = YES;
				CLANG_ENABLE_OBJC_WEAK = YES;
				CLANG_WARN_BLOCK_CAPTURE_AUTORELEASING = YES;
				CLANG_WARN_BOOL_CONVERSION = YES;
				CLANG_WARN_COMMA = YES;
				CLANG_WARN_CONSTANT_CONVERSION = YES;
				CLANG_WARN_DEPRECATED_OBJC_IMPLEMENTATIONS = YES;
				CLANG_WARN_DIRECT_OBJC_ISA_USAGE = YES_ERROR;
				CLANG_WARN_DOCUMENTATION_COMMENTS = YES;
				CLANG_WARN_EMPTY_BODY = YES;
				CLANG_WARN_ENUM_CONVERSION = YES;
				CLANG_WARN_INFINITE_RECURSION = YES;
				CLANG_WARN_INT_CONVERSION = YES;
				CLANG_WARN_NON_LITERAL_NULL_CONVERSION = YES;
				CLANG_WARN_OBJC_IMPLICIT_RETAIN_SELF = YES;
				CLANG_WARN_OBJC_LITERAL_CONVERSION = YES;
				CLANG_WARN_OBJC_ROOT_CLASS = YES_ERROR;
				CLANG_WARN_QUOTED_INCLUDE_IN_FRAMEWORK_HEADER = YES;
				CLANG_WARN_RANGE_LOOP_ANALYSIS = YES;
				CLANG_WARN_STRICT_PROTOTYPES = YES;
				CLANG_WARN_SUSPICIOUS_MOVE = YES;
				CLANG_WARN_UNGUARDED_AVAILABILITY = YES_AGGRESSIVE;
				CLANG_WARN_UNREACHABLE_CODE = YES;
				CLANG_WARN__DUPLICATE_METHOD_MATCH = YES;
				COPY_PHASE_STRIP = NO;
				DEBUG_INFORMATION_FORMAT = "dwarf-with-dsym";
				ENABLE_NS_ASSERTIONS = NO;
				ENABLE_STRICT_OBJC_MSGSEND = YES;
				GCC_C_LANGUAGE_STANDARD = gnu11;
				GCC_NO_COMMON_BLOCKS = YES;
				GCC_WARN_64_TO_32_BIT_CONVERSION = YES;
				GCC_WARN_ABOUT_RETURN_TYPE = YES_ERROR;
				GCC_WARN_UNDECLARED_SELECTOR = YES;
				GCC_WARN_UNINITIALIZED_AUTOS = YES_AGGRESSIVE;
				GCC_WARN_UNUSED_FUNCTION = YES;
				GCC_WARN_UNUSED_VARIABLE = YES;
				IPHONEOS_DEPLOYMENT_TARGET = 16.4;
				MTL_ENABLE_DEBUG_INFO = NO;
				MTL_FAST_MATH = YES;
				SDKROOT = iphoneos;
				SWIFT_COMPILATION_MODE = wholemodule;
				SWIFT_OPTIMIZATION_LEVEL = "-O";
				VALIDATE_PRODUCT = YES;
			};
			name = Release;
		};
		2A097F2D29F785B000ED9644 /* Debug */ = {
			isa = XCBuildConfiguration;
			buildSettings = {
				ALWAYS_EMBED_SWIFT_STANDARD_LIBRARIES = YES;
				ASSETCATALOG_COMPILER_APPICON_NAME = AppIcon;
				ASSETCATALOG_COMPILER_GLOBAL_ACCENT_COLOR_NAME = AccentColor;
				CODE_SIGN_STYLE = Automatic;
				CURRENT_PROJECT_VERSION = 1;
				DEVELOPMENT_ASSET_PATHS = "\"Niks/Preview Content\"";
				DEVELOPMENT_TEAM = K377W42M97;
				ENABLE_PREVIEWS = YES;
				GENERATE_INFOPLIST_FILE = YES;
				INFOPLIST_FILE = Niks/Info.plist;
				INFOPLIST_KEY_CFBundleDisplayName = Niks;
				INFOPLIST_KEY_LSApplicationCategoryType = "public.app-category.healthcare-fitness";
				INFOPLIST_KEY_UIApplicationSceneManifest_Generation = YES;
				INFOPLIST_KEY_UIApplicationSupportsIndirectInputEvents = YES;
				INFOPLIST_KEY_UILaunchScreen_Generation = YES;
				INFOPLIST_KEY_UIStatusBarStyle = "";
				INFOPLIST_KEY_UISupportedInterfaceOrientations = "UIInterfaceOrientationLandscapeLeft UIInterfaceOrientationLandscapeRight";
				INFOPLIST_KEY_UISupportedInterfaceOrientations_iPad = "UIInterfaceOrientationLandscapeLeft UIInterfaceOrientationLandscapeRight UIInterfaceOrientationPortraitUpsideDown";
				LD_RUNPATH_SEARCH_PATHS = (
					"$(inherited)",
					"@executable_path/Frameworks",
				);
				MARKETING_VERSION = 1.0;
				PRODUCT_BUNDLE_IDENTIFIER = com.DekaPrimatio.Niks;
				PRODUCT_NAME = "$(TARGET_NAME)";
				SWIFT_EMIT_LOC_STRINGS = YES;
				SWIFT_VERSION = 5.0;
				TARGETED_DEVICE_FAMILY = "1,2";
			};
			name = Debug;
		};
		2A097F2E29F785B000ED9644 /* Release */ = {
			isa = XCBuildConfiguration;
			buildSettings = {
				ALWAYS_EMBED_SWIFT_STANDARD_LIBRARIES = YES;
				ASSETCATALOG_COMPILER_APPICON_NAME = AppIcon;
				ASSETCATALOG_COMPILER_GLOBAL_ACCENT_COLOR_NAME = AccentColor;
				CODE_SIGN_STYLE = Automatic;
				CURRENT_PROJECT_VERSION = 1;
				DEVELOPMENT_ASSET_PATHS = "\"Niks/Preview Content\"";
				DEVELOPMENT_TEAM = K377W42M97;
				ENABLE_PREVIEWS = YES;
				GENERATE_INFOPLIST_FILE = YES;
				INFOPLIST_FILE = Niks/Info.plist;
				INFOPLIST_KEY_CFBundleDisplayName = Niks;
				INFOPLIST_KEY_LSApplicationCategoryType = "public.app-category.healthcare-fitness";
				INFOPLIST_KEY_UIApplicationSceneManifest_Generation = YES;
				INFOPLIST_KEY_UIApplicationSupportsIndirectInputEvents = YES;
				INFOPLIST_KEY_UILaunchScreen_Generation = YES;
				INFOPLIST_KEY_UIStatusBarStyle = "";
				INFOPLIST_KEY_UISupportedInterfaceOrientations = "UIInterfaceOrientationLandscapeLeft UIInterfaceOrientationLandscapeRight";
				INFOPLIST_KEY_UISupportedInterfaceOrientations_iPad = "UIInterfaceOrientationLandscapeLeft UIInterfaceOrientationLandscapeRight UIInterfaceOrientationPortraitUpsideDown";
				LD_RUNPATH_SEARCH_PATHS = (
					"$(inherited)",
					"@executable_path/Frameworks",
				);
				MARKETING_VERSION = 1.0;
				PRODUCT_BUNDLE_IDENTIFIER = com.DekaPrimatio.Niks;
				PRODUCT_NAME = "$(TARGET_NAME)";
				SWIFT_EMIT_LOC_STRINGS = YES;
				SWIFT_VERSION = 5.0;
				TARGETED_DEVICE_FAMILY = "1,2";
			};
			name = Release;
		};
		7676A3BF2A03F3F100254520 /* Debug */ = {
			isa = XCBuildConfiguration;
			buildSettings = {
				ASSETCATALOG_COMPILER_APPICON_NAME = AppIcon;
				ASSETCATALOG_COMPILER_GLOBAL_ACCENT_COLOR_NAME = AccentColor;
				CODE_SIGN_STYLE = Automatic;
				CURRENT_PROJECT_VERSION = 1;
				DEVELOPMENT_ASSET_PATHS = "\"NiksWatch Watch App/Preview Content\"";
				DEVELOPMENT_TEAM = BZ9S44ZL2V;
				ENABLE_PREVIEWS = YES;
				GENERATE_INFOPLIST_FILE = YES;
				INFOPLIST_KEY_CFBundleDisplayName = NiksWatch;
				INFOPLIST_KEY_UISupportedInterfaceOrientations = "UIInterfaceOrientationPortrait UIInterfaceOrientationPortraitUpsideDown";
				INFOPLIST_KEY_WKCompanionAppBundleIdentifier = com.DekaPrimatio.Niks;
				INFOPLIST_KEY_WKRunsIndependentlyOfCompanionApp = YES;
				LD_RUNPATH_SEARCH_PATHS = (
					"$(inherited)",
					"@executable_path/Frameworks",
				);
				MARKETING_VERSION = 1.0;
				PRODUCT_BUNDLE_IDENTIFIER = com.DekaPrimatio.Niks.watchkitapp;
				PRODUCT_NAME = "$(TARGET_NAME)";
				SDKROOT = watchos;
				SKIP_INSTALL = YES;
				SWIFT_EMIT_LOC_STRINGS = YES;
				SWIFT_VERSION = 5.0;
				TARGETED_DEVICE_FAMILY = 4;
				WATCHOS_DEPLOYMENT_TARGET = 9.4;
			};
			name = Debug;
		};
		7676A3C02A03F3F100254520 /* Release */ = {
			isa = XCBuildConfiguration;
			buildSettings = {
				ASSETCATALOG_COMPILER_APPICON_NAME = AppIcon;
				ASSETCATALOG_COMPILER_GLOBAL_ACCENT_COLOR_NAME = AccentColor;
				CODE_SIGN_STYLE = Automatic;
				CURRENT_PROJECT_VERSION = 1;
				DEVELOPMENT_ASSET_PATHS = "\"NiksWatch Watch App/Preview Content\"";
				DEVELOPMENT_TEAM = K377W42M97;
				ENABLE_PREVIEWS = YES;
				GENERATE_INFOPLIST_FILE = YES;
				INFOPLIST_KEY_CFBundleDisplayName = NiksWatch;
				INFOPLIST_KEY_UISupportedInterfaceOrientations = "UIInterfaceOrientationPortrait UIInterfaceOrientationPortraitUpsideDown";
				INFOPLIST_KEY_WKCompanionAppBundleIdentifier = com.DekaPrimatio.Niks;
				INFOPLIST_KEY_WKRunsIndependentlyOfCompanionApp = YES;
				LD_RUNPATH_SEARCH_PATHS = (
					"$(inherited)",
					"@executable_path/Frameworks",
				);
				MARKETING_VERSION = 1.0;
				PRODUCT_BUNDLE_IDENTIFIER = com.DekaPrimatio.Niks.watchkitapp;
				PRODUCT_NAME = "$(TARGET_NAME)";
				SDKROOT = watchos;
				SKIP_INSTALL = YES;
				SWIFT_EMIT_LOC_STRINGS = YES;
				SWIFT_VERSION = 5.0;
				TARGETED_DEVICE_FAMILY = 4;
				WATCHOS_DEPLOYMENT_TARGET = 9.4;
			};
			name = Release;
		};
/* End XCBuildConfiguration section */

/* Begin XCConfigurationList section */
		2A097F1929F785AF00ED9644 /* Build configuration list for PBXProject "Niks" */ = {
			isa = XCConfigurationList;
			buildConfigurations = (
				2A097F2A29F785B000ED9644 /* Debug */,
				2A097F2B29F785B000ED9644 /* Release */,
			);
			defaultConfigurationIsVisible = 0;
			defaultConfigurationName = Release;
		};
		2A097F2C29F785B000ED9644 /* Build configuration list for PBXNativeTarget "Niks" */ = {
			isa = XCConfigurationList;
			buildConfigurations = (
				2A097F2D29F785B000ED9644 /* Debug */,
				2A097F2E29F785B000ED9644 /* Release */,
			);
			defaultConfigurationIsVisible = 0;
			defaultConfigurationName = Release;
		};
		7676A3BE2A03F3F100254520 /* Build configuration list for PBXNativeTarget "NiksWatch Watch App" */ = {
			isa = XCConfigurationList;
			buildConfigurations = (
				7676A3BF2A03F3F100254520 /* Debug */,
				7676A3C02A03F3F100254520 /* Release */,
			);
			defaultConfigurationIsVisible = 0;
			defaultConfigurationName = Release;
		};
/* End XCConfigurationList section */
	};
	rootObject = 2A097F1629F785AF00ED9644 /* Project object */;
}
